
Microsoft Visual Studio Solution File, Format Version 12.00
# Visual Studio 2012
Project("{FAE04EC0-301F-11D3-BF4B-00C04F79EFBC}") = "AC.Core", "AC.Core\AC.Core.csproj", "{FDF6B367-6E74-4E7E-BEA8-FD53D6278C9A}"
EndProject
Project("{FAE04EC0-301F-11D3-BF4B-00C04F79EFBC}") = "AC.Data", "AC.Data\AC.Data.csproj", "{FA85394F-AC26-4F5F-B192-CB3B96CC4C18}"
EndProject
Global
	GlobalSection(SolutionConfigurationPlatforms) = preSolution
		Debug|Any CPU = Debug|Any CPU
		Release|Any CPU = Release|Any CPU
	EndGlobalSection
	GlobalSection(ProjectConfigurationPlatforms) = postSolution
		{FDF6B367-6E74-4E7E-BEA8-FD53D6278C9A}.Debug|Any CPU.ActiveCfg = Debug|Any CPU
		{FDF6B367-6E74-4E7E-BEA8-FD53D6278C9A}.Debug|Any CPU.Build.0 = Debug|Any CPU
		{FDF6B367-6E74-4E7E-BEA8-FD53D6278C9A}.Release|Any CPU.ActiveCfg = Release|Any CPU
		{FDF6B367-6E74-4E7E-BEA8-FD53D6278C9A}.Release|Any CPU.Build.0 = Release|Any CPU
		{FA85394F-AC26-4F5F-B192-CB3B96CC4C18}.Debug|Any CPU.ActiveCfg = Debug|Any CPU
		{FA85394F-AC26-4F5F-B192-CB3B96CC4C18}.Debug|Any CPU.Build.0 = Debug|Any CPU
		{FA85394F-AC26-4F5F-B192-CB3B96CC4C18}.Release|Any CPU.ActiveCfg = Release|Any CPU
		{FA85394F-AC26-4F5F-B192-CB3B96CC4C18}.Release|Any CPU.Build.0 = Release|Any CPU
	EndGlobalSection
	GlobalSection(SolutionProperties) = preSolution
		HideSolutionNode = FALSE
	EndGlobalSection
EndGlobal
